<?xml version="1.0" encoding="utf-8"?>
<Project ToolsVersion="4.0" xmlns="http://schemas.microsoft.com/developer/msbuild/2003">
  <ItemGroup>
    <Filter Include="Source Files">
      <UniqueIdentifier>{4FC737F1-C7A5-4376-A066-2A32D752A2FF}</UniqueIdentifier>
      <Extensions>cpp;c;cc;cxx;c++;cppm;ixx;def;odl;idl;hpj;bat;asm;asmx</Extensions>
    </Filter>
    <Filter Include="Header Files">
      <UniqueIdentifier>{93995380-89BD-4b04-88EB-625FBE52EBFB}</UniqueIdentifier>
      <Extensions>h;hh;hpp;hxx;h++;hm;inl;inc;ipp;xsd</Extensions>
    </Filter>
    <Filter Include="Resource Files">
      <UniqueIdentifier>{67DA6AB6-F800-4c08-8B7A-83BB121AAD01}</UniqueIdentifier>
      <Extensions>rc;ico;cur;bmp;dlg;rc2;rct;bin;rgs;gif;jpg;jpeg;jpe;resx;tiff;tif;png;wav;mfcribbon-ms</Extensions>
    </Filter>
    <Filter Include="Examples">
      <UniqueIdentifier>{bba3c8b9-fe83-4581-ab5f-2d23fea42d76}</UniqueIdentifier>
    </Filter>
    <Filter Include="Examples\core">
      <UniqueIdentifier>{9adcd331-aef0-429b-a9e3-a90004028ace}</UniqueIdentifier>
    </Filter>
  </ItemGroup>
  <ItemGroup>
    <ClCompile Include="DillMain.cpp">
      <Filter>Source Files</Filter>
    </ClCompile>
    <ClCompile Include="CoRayLib.cpp">
      <Filter>Source Files</Filter>
    </ClCompile>
    <ClCompile Include="CoRayLibColor.cpp">
      <Filter>Source Files</Filter>
    </ClCompile>
    <ClCompile Include="CoRayLib_i.c">
      <Filter>Source Files</Filter>
    </ClCompile>
    <ClCompile Include="reghelper.cpp">
      <Filter>Source Files</Filter>
    </ClCompile>
    <ClCompile Include="WrRayLib.cpp">
      <Filter>Source Files</Filter>
    </ClCompile>
    <ClCompile Include="CoRayLibVector2.cpp">
      <Filter>Source Files</Filter>
    </ClCompile>
    <ClCompile Include="tlhelper.cpp">
      <Filter>Source Files</Filter>
    </ClCompile>
    <ClCompile Include="CoRayLibVector3.cpp">
      <Filter>Source Files</Filter>
    </ClCompile>
    <ClCompile Include="CoRayLibVector4.cpp">
      <Filter>Source Files</Filter>
    </ClCompile>
    <ClCompile Include="CoRayLibRectangle.cpp">
      <Filter>Source Files</Filter>
    </ClCompile>
    <ClCompile Include="CoRayLibMatrix.cpp">
      <Filter>Source Files</Filter>
    </ClCompile>
    <ClCompile Include="CoRayLibCamera3D.cpp">
      <Filter>Source Files</Filter>
    </ClCompile>
    <ClCompile Include="CoRayLibCamera2D.cpp">
      <Filter>Source Files</Filter>
    </ClCompile>
    <ClCompile Include="CoRayLibRay.cpp">
      <Filter>Source Files</Filter>
    </ClCompile>
    <ClCompile Include="CoRayLibTexture.cpp">
      <Filter>Source Files</Filter>
    </ClCompile>
  </ItemGroup>
  <ItemGroup>
    <None Include="CoRayLib.def">
      <Filter>Source Files</Filter>
    </None>
    <None Include="Examples\Bounces.js">
      <Filter>Examples</Filter>
    </None>
    <None Include="Examples\Bounces.vbs">
      <Filter>Examples</Filter>
    </None>
    <None Include="Examples\Hello.js">
      <Filter>Examples</Filter>
    </None>
    <None Include="Examples\Hello.vbs">
      <Filter>Examples</Filter>
    </None>
    <None Include="Examples\core\core_3d_camera_mode.js">
      <Filter>Examples\core</Filter>
    </None>
    <None Include="Examples\core\core_3d_camera_mode.vbs">
      <Filter>Examples\core</Filter>
    </None>
    <None Include="Examples\core\core_basic_window.js">
      <Filter>Examples\core</Filter>
    </None>
    <None Include="Examples\core\core_basic_window.vbs">
      <Filter>Examples\core</Filter>
    </None>
    <None Include="Examples\core\core_input_keys.js">
      <Filter>Examples\core</Filter>
    </None>
    <None Include="Examples\core\core_input_keys.vbs">
      <Filter>Examples\core</Filter>
    </None>
    <None Include="Examples\core\core_input_mouse.js">
      <Filter>Examples\core</Filter>
    </None>
    <None Include="Examples\core\core_input_mouse.vbs">
      <Filter>Examples\core</Filter>
    </None>
    <None Include="Examples\core\core_window_should_close.vbs">
      <Filter>Examples\core</Filter>
    </None>
    <None Include="Examples\core\core_scissor_test.vbs">
      <Filter>Examples\core</Filter>
    </None>
    <None Include="Examples\core\core_3d_camera_free.vbs">
      <Filter>Examples\core</Filter>
    </None>
  </ItemGroup>
  <ItemGroup>
    <Midl Include="CoRayLib.idl">
      <Filter>Source Files</Filter>
    </Midl>
  </ItemGroup>
  <ItemGroup>
    <ClInclude Include="CoRayLib.h">
      <Filter>Header Files</Filter>
    </ClInclude>
    <ClInclude Include="CoRayLibColor.h">
      <Filter>Header Files</Filter>
    </ClInclude>
    <ClInclude Include="reghelper.h">
      <Filter>Header Files</Filter>
    </ClInclude>
    <ClInclude Include="TClassFactory.h">
      <Filter>Header Files</Filter>
    </ClInclude>
    <ClInclude Include="WrRayLib.h">
      <Filter>Header Files</Filter>
    </ClInclude>
    <ClInclude Include="CoRayLibVector2.h">
      <Filter>Header Files</Filter>
    </ClInclude>
    <ClInclude Include="resource.h">
      <Filter>Header Files</Filter>
    </ClInclude>
    <ClInclude Include="tlhelper.h">
      <Filter>Header Files</Filter>
    </ClInclude>
    <ClInclude Include="CoRayLibVector3.h">
      <Filter>Header Files</Filter>
    </ClInclude>
    <ClInclude Include="CoRayLibVector4.h">
      <Filter>Header Files</Filter>
    </ClInclude>
    <ClInclude Include="CoRayLibRectangle.h">
      <Filter>Header Files</Filter>
    </ClInclude>
    <ClInclude Include="CoRayLibMatrix.h">
      <Filter>Header Files</Filter>
    </ClInclude>
    <ClInclude Include="CoRayLibCamera2D.h">
      <Filter>Header Files</Filter>
    </ClInclude>
    <ClInclude Include="CoRayLibCamera3D.h">
      <Filter>Header Files</Filter>
    </ClInclude>
    <ClInclude Include="CoRayLibRay.h">
      <Filter>Header Files</Filter>
    </ClInclude>
    <ClInclude Include="CoRayLibTexture.h">
      <Filter>Header Files</Filter>
    </ClInclude>
    <ClInclude Include="VarArgList.h">
      <Filter>Header Files</Filter>
    </ClInclude>
  </ItemGroup>
  <ItemGroup>
    <ResourceCompile Include="Resource.rc">
      <Filter>Resource Files</Filter>
    </ResourceCompile>
  </ItemGroup>
</Project>